
Microsoft Visual Studio Solution File, Format Version 12.00
# Visual Studio Version 17
VisualStudioVersion = 17.8.33926.149
MinimumVisualStudioVersion = 10.0.40219.1
Project("{FAE04EC0-301F-11D3-BF4B-00C04F79EFBC}") = "WpfApp1", "WpfApp1\WpfApp1.csproj", "{F6F6B4B5-B8E0-4D77-BB95-5CE0566B6BEF}"
EndProject
Global
	GlobalSection(SolutionConfigurationPlatforms) = preSolution
		Debug|Any CPU = Debug|Any CPU
		Release|Any CPU = Release|Any CPU
	EndGlobalSection
	GlobalSection(ProjectConfigurationPlatforms) = postSolution
		{F6F6B4B5-B8E0-4D77-BB95-5CE0566B6BEF}.Debug|Any CPU.ActiveCfg = Debug|Any CPU
		{F6F6B4B5-B8E0-4D77-BB95-5CE0566B6BEF}.Debug|Any CPU.Build.0 = Debug|Any CPU
		{F6F6B4B5-B8E0-4D77-BB95-5CE0566B6BEF}.Release|Any CPU.ActiveCfg = Release|Any CPU
		{F6F6B4B5-B8E0-4D77-BB95-5CE0566B6BEF}.Release|Any CPU.Build.0 = Release|Any CPU
	EndGlobalSection
	GlobalSection(SolutionProperties) = preSolution
		HideSolutionNode = FALSE
	EndGlobalSection
	GlobalSection(ExtensibilityGlobals) = postSolution
		SolutionGuid = {7F3031E8-52CE-4098-8E68-8FA14863969A}
	EndGlobalSection
EndGlobal
